
Microsoft Visual Studio Solution File, Format Version 12.00
# Visual Studio 15
VisualStudioVersion = 15.0.26430.15
MinimumVisualStudioVersion = 10.0.40219.1
Project("{FAE04EC0-301F-11D3-BF4B-00C04F79EFBC}") = "WFA1", "WFA1\WFA1.csproj", "{97BFB2AE-857B-496A-8E56-8FDDA32FBD1F}"
EndProject
Global
	GlobalSection(SolutionConfigurationPlatforms) = preSolution
		Debug|Any CPU = Debug|Any CPU
		Release|Any CPU = Release|Any CPU
	EndGlobalSection
	GlobalSection(ProjectConfigurationPlatforms) = postSolution
		{97BFB2AE-857B-496A-8E56-8FDDA32FBD1F}.Debug|Any CPU.ActiveCfg = Debug|Any CPU
		{97BFB2AE-857B-496A-8E56-8FDDA32FBD1F}.Debug|Any CPU.Build.0 = Debug|Any CPU
		{97BFB2AE-857B-496A-8E56-8FDDA32FBD1F}.Release|Any CPU.ActiveCfg = Release|Any CPU
		{97BFB2AE-857B-496A-8E56-8FDDA32FBD1F}.Release|Any CPU.Build.0 = Release|Any CPU
	EndGlobalSection
	GlobalSection(SolutionProperties) = preSolution
		HideSolutionNode = FALSE
	EndGlobalSection
EndGlobal
